
Microsoft Visual Studio Solution File, Format Version 12.00
# Visual Studio 14
VisualStudioVersion = 14.0.23107.0
MinimumVisualStudioVersion = 10.0.40219.1
Project("{FAE04EC0-301F-11D3-BF4B-00C04F79EFBC}") = "MySync", "MySync\MySync.csproj", "{4DA93E03-778D-40CB-85C6-810CD8034D6C}"
EndProject
Project("{FAE04EC0-301F-11D3-BF4B-00C04F79EFBC}") = "UnitTestMySync", "UnitTestMySync\UnitTestMySync.csproj", "{1B8FFC39-3A4D-4439-B47C-928086A11B4C}"
EndProject
Global
	GlobalSection(SolutionConfigurationPlatforms) = preSolution
		Debug|Any CPU = Debug|Any CPU
		Release|Any CPU = Release|Any CPU
	EndGlobalSection
	GlobalSection(ProjectConfigurationPlatforms) = postSolution
		{4DA93E03-778D-40CB-85C6-810CD8034D6C}.Debug|Any CPU.ActiveCfg = Debug|Any CPU
		{4DA93E03-778D-40CB-85C6-810CD8034D6C}.Debug|Any CPU.Build.0 = Debug|Any CPU
		{4DA93E03-778D-40CB-85C6-810CD8034D6C}.Release|Any CPU.ActiveCfg = Release|Any CPU
		{4DA93E03-778D-40CB-85C6-810CD8034D6C}.Release|Any CPU.Build.0 = Release|Any CPU
		{1B8FFC39-3A4D-4439-B47C-928086A11B4C}.Debug|Any CPU.ActiveCfg = Debug|Any CPU
		{1B8FFC39-3A4D-4439-B47C-928086A11B4C}.Debug|Any CPU.Build.0 = Debug|Any CPU
		{1B8FFC39-3A4D-4439-B47C-928086A11B4C}.Release|Any CPU.ActiveCfg = Release|Any CPU
		{1B8FFC39-3A4D-4439-B47C-928086A11B4C}.Release|Any CPU.Build.0 = Release|Any CPU
	EndGlobalSection
	GlobalSection(SolutionProperties) = preSolution
		HideSolutionNode = FALSE
	EndGlobalSection
EndGlobal
